%{"atomic_map": {:hex, :atomic_map, "0.9.0", "b686f2e3ded1630d6e001fdbef979a1fa654f31334b30c7748f8d4e9e5cc0baf", [:mix], []},
  "bunt": {:hex, :bunt, "0.2.0", "951c6e801e8b1d2cbe58ebbd3e616a869061ddadcc4863d0a2182541acae9a38", [:mix], []},
  "credo": {:hex, :credo, "0.6.1", "a941e2591bd2bd2055dc92b810c174650b40b8290459c89a835af9d59ac4a5f8", [:mix], [{:bunt, "~> 0.2.0", [hex: :bunt, optional: false]}]},
  "dbg": {:git, "https://github.com/fishcakez/dbg.git", "ce8fae0886eabb4944227a640261d6938cf099f2", []},
  "dialyxir": {:hex, :dialyxir, "0.4.3", "a4daeebd0107de10d3bbae2ccb6b8905e69544db1ed5fe9148ad27cd4cb2c0cd", [:mix], []},
  "dio": {:git, "https://github.com/andyl/dio.git", "fb2305fae46e4cb27229aed200f04914eaced72f", []},
  "earmark": {:hex, :earmark, "1.1.1", "433136b7f2e99cde88b745b3a0cfc3fbc81fe58b918a09b40fce7f00db4d8187", [:mix], []},
  "ex_doc": {:hex, :ex_doc, "0.14.5", "c0433c8117e948404d93ca69411dd575ec6be39b47802e81ca8d91017a0cf83c", [:mix], [{:earmark, "~> 1.0", [hex: :earmark, optional: false]}]},
  "ex_guard": {:hex, :ex_guard, "1.2.0", "222aaa7a606f5e975d895f7cce1978351d8960924504915e33871465dc244f21", [:mix], [{:fs, "~> 0.9", [hex: :fs, optional: false]}]},
  "exactor": {:hex, :exactor, "2.2.3", "a6972f43bb6160afeb73e1d8ab45ba604cd0ac8b5244c557093f6e92ce582786", [:mix], []},
  "fs": {:hex, :fs, "0.9.2", "ed17036c26c3f70ac49781ed9220a50c36775c6ca2cf8182d123b6566e49ec59", [:rebar], []},
  "git_cli": {:hex, :git_cli, "0.2.3", "052f0ecfc43d86fb4a750741540bdb00ac63354c6588024555be62c8ea1eff33", [:mix], []},
  "httpotion": {:hex, :httpotion, "3.0.2", "525b9bfeb592c914a61a8ee31fdde3871e1861dfe805f8ee5f711f9f11a93483", [:mix], [{:ibrowse, "~> 4.2", [hex: :ibrowse, optional: false]}]},
  "ibrowse": {:hex, :ibrowse, "4.2.2", "b32b5bafcc77b7277eff030ed32e1acc3f610c64e9f6aea19822abcadf681b4b", [:rebar3], []},
  "lru_cache": {:hex, :lru_cache, "0.1.1", "5bd850535a69a07c702099a3f09d1fc0d982f347735d4d733de2cdd97e4dd91b", [:mix], []},
  "stem_ex": {:hex, :stem_ex, "0.0.2", "e304f883563bc54671bca2774ca235677046e0f803976e72b6653cc7173307ba", [:mix], []},
  "table_rex": {:hex, :table_rex, "0.10.0", "d981954370c00645c32ff7719c105db90ba6a9aa3e951c4d68eaeae3e0bfd40f", [:mix], []},
  "yamerl": {:hex, :yamerl, "0.3.3", "df48fe3e6aeaca05ec6c4b35418aa7c77258d0d1c32d578a2e12a14751c10d42", [:rebar3], []},
  "yaml_elixir": {:git, "https://github.com/andyl/yaml-elixir.git", "6bd7a168e837bb7415074c3a5d3cb3cfaeba83ae", []}}
