%{"atomic_map": {:hex, :atomic_map, "0.9.0", "b686f2e3ded1630d6e001fdbef979a1fa654f31334b30c7748f8d4e9e5cc0baf", [:mix], []},
  "bunt": {:hex, :bunt, "0.1.6", "5d95a6882f73f3b9969fdfd1953798046664e6f77ec4e486e6fafc7caad97c6f", [:mix], []},
  "credo": {:hex, :credo, "0.5.3", "0c405b36e7651245a8ed63c09e2d52c2e2b89b6d02b1570c4d611e0fcbecf4a2", [:mix], [{:bunt, "~> 0.1.6", [hex: :bunt, optional: false]}]},
  "dio": {:git, "https://github.com/andyl/dio.git", "7926074d3384deb5752935eeb6d3fec664a5bd35", []},
  "earmark": {:hex, :earmark, "1.0.1", "2c2cd903bfdc3de3f189bd9a8d4569a075b88a8981ded9a0d95672f6e2b63141", [:mix], []},
  "ex_doc": {:hex, :ex_doc, "0.14.1", "bfed8d4e93c755e2b150be925ad2cfa6af7c3bfcacc3b609f45f6048c9d623d6", [:mix], [{:earmark, "~> 1.0", [hex: :earmark, optional: false]}]},
  "ex_guard": {:hex, :ex_guard, "1.1.1", "bd260c9aa1a5b8c438adab4cf4131e775af637723c241296cf1a100b402ade52", [:mix], [{:fs, "~> 0.9", [hex: :fs, optional: false]}]},
  "fs": {:hex, :fs, "0.9.2", "ed17036c26c3f70ac49781ed9220a50c36775c6ca2cf8182d123b6566e49ec59", [:rebar], []},
  "stem_ex": {:hex, :stem_ex, "0.0.1", "75aa862d0341a6047f8afc9d332779db0001956aee64bec28c346bd1c72ce21e", [:mix], []},
  "table_rex": {:hex, :table_rex, "0.8.3", "1c68dfc6886d6f118f5047b0449d6402ae0ac5709064789e578c2f4659f4064b", [:mix], []},
  "yamerl": {:hex, :yamerl, "0.3.2", "9eac1537d251e926f47763ab1db0d9e6e8f2397646c290d58aa6ceebc6832fb7", [:rebar3], []},
  "yaml_elixir": {:hex, :yaml_elixir, "1.2.1", "4a8ee3b25598100c710ff11dde4d79b6335608ac092d69aab45cc7475b5abc4d", [:mix], [{:yamerl, "~> 0.3.2", [hex: :yamerl, optional: false]}]}}
